// !$*UTF8*$!
{
	archiveVersion = 1;
	classes = {
	};
	objectVersion = 50;
	objects = {

/* Begin PBXBuildFile section */
		69CF075224892CDA002BA691 /* AppDelegate.swift in Sources */ = {isa = PBXBuildFile; fileRef = 69CF075124892CDA002BA691 /* AppDelegate.swift */; };
		69CF075424892CDA002BA691 /* SceneDelegate.swift in Sources */ = {isa = PBXBuildFile; fileRef = 69CF075324892CDA002BA691 /* SceneDelegate.swift */; };
		69CF075624892CDA002BA691 /* ViewController.swift in Sources */ = {isa = PBXBuildFile; fileRef = 69CF075524892CDA002BA691 /* ViewController.swift */; };
		69CF075924892CDA002BA691 /* Main.storyboard in Resources */ = {isa = PBXBuildFile; fileRef = 69CF075724892CDA002BA691 /* Main.storyboard */; };
		69CF075B24892CDB002BA691 /* Assets.xcassets in Resources */ = {isa = PBXBuildFile; fileRef = 69CF075A24892CDB002BA691 /* Assets.xcassets */; };
		69CF075E24892CDB002BA691 /* LaunchScreen.storyboard in Resources */ = {isa = PBXBuildFile; fileRef = 69CF075C24892CDB002BA691 /* LaunchScreen.storyboard */; };
		69CF076924892CDB002BA691 /* DecisionEngineTests.swift in Sources */ = {isa = PBXBuildFile; fileRef = 69CF076824892CDB002BA691 /* DecisionEngineTests.swift */; };
/* End PBXBuildFile section */

/* Begin PBXContainerItemProxy section */
		69CF076524892CDB002BA691 /* PBXContainerItemProxy */ = {
			isa = PBXContainerItemProxy;
			containerPortal = 69CF074624892CDA002BA691 /* Project object */;
			proxyType = 1;
			remoteGlobalIDString = 69CF074D24892CDA002BA691;
			remoteInfo = DecisionEngine;
		};
/* End PBXContainerItemProxy section */

/* Begin PBXFileReference section */
		69CF074E24892CDA002BA691 /* DecisionEngine.app */ = {isa = PBXFileReference; explicitFileType = wrapper.application; includeInIndex = 0; path = DecisionEngine.app; sourceTree = BUILT_PRODUCTS_DIR; };
		69CF075124892CDA002BA691 /* AppDelegate.swift */ = {isa = PBXFileReference; lastKnownFileType = sourcecode.swift; path = AppDelegate.swift; sourceTree = "<group>"; };
		69CF075324892CDA002BA691 /* SceneDelegate.swift */ = {isa = PBXFileReference; lastKnownFileType = sourcecode.swift; path = SceneDelegate.swift; sourceTree = "<group>"; };
		69CF075524892CDA002BA691 /* ViewController.swift */ = {isa = PBXFileReference; lastKnownFileType = sourcecode.swift; path = ViewController.swift; sourceTree = "<group>"; };
		69CF075824892CDA002BA691 /* Base */ = {isa = PBXFileReference; lastKnownFileType = file.storyboard; name = Base; path = Base.lproj/Main.storyboard; sourceTree = "<group>"; };
		69CF075A24892CDB002BA691 /* Assets.xcassets */ = {isa = PBXFileReference; lastKnownFileType = folder.assetcatalog; path = Assets.xcassets; sourceTree = "<group>"; };
		69CF075D24892CDB002BA691 /* Base */ = {isa = PBXFileReference; lastKnownFileType = file.storyboard; name = Base; path = Base.lproj/LaunchScreen.storyboard; sourceTree = "<group>"; };
		69CF075F24892CDB002BA691 /* Info.plist */ = {isa = PBXFileReference; lastKnownFileType = text.plist.xml; path = Info.plist; sourceTree = "<group>"; };
		69CF076424892CDB002BA691 /* DecisionEngineTests.xctest */ = {isa = PBXFileReference; explicitFileType = wrapper.cfbundle; includeInIndex = 0; path = DecisionEngineTests.xctest; sourceTree = BUILT_PRODUCTS_DIR; };
		69CF076824892CDB002BA691 /* DecisionEngineTests.swift */ = {isa = PBXFileReference; lastKnownFileType = sourcecode.swift; path = DecisionEngineTests.swift; sourceTree = "<group>"; };
		69CF076A24892CDB002BA691 /* Info.plist */ = {isa = PBXFileReference; lastKnownFileType = text.plist.xml; path = Info.plist; sourceTree = "<group>"; };
/* End PBXFileReference section */

/* Begin PBXFrameworksBuildPhase section */
		69CF074B24892CDA002BA691 /* Frameworks */ = {
			isa = PBXFrameworksBuildPhase;
			buildActionMask = 2147483647;
			files = (
			);
			runOnlyForDeploymentPostprocessing = 0;
		};
		69CF076124892CDB002BA691 /* Frameworks */ = {
			isa = PBXFrameworksBuildPhase;
			buildActionMask = 2147483647;
			files = (
			);
			runOnlyForDeploymentPostprocessing = 0;
		};
/* End PBXFrameworksBuildPhase section */

/* Begin PBXGroup section */
		69CF074524892CDA002BA691 = {
			isa = PBXGroup;
			children = (
				69CF075024892CDA002BA691 /* DecisionEngine */,
				69CF076724892CDB002BA691 /* DecisionEngineTests */,
				69CF074F24892CDA002BA691 /* Products */,
			);
			sourceTree = "<group>";
		};
		69CF074F24892CDA002BA691 /* Products */ = {
			isa = PBXGroup;
			children = (
				69CF074E24892CDA002BA691 /* DecisionEngine.app */,
				69CF076424892CDB002BA691 /* DecisionEngineTests.xctest */,
			);
			name = Products;
			sourceTree = "<group>";
		};
		69CF075024892CDA002BA691 /* DecisionEngine */ = {
			isa = PBXGroup;
			children = (
				69CF075124892CDA002BA691 /* AppDelegate.swift */,
				69CF075324892CDA002BA691 /* SceneDelegate.swift */,
				69CF075524892CDA002BA691 /* ViewController.swift */,
				69CF075724892CDA002BA691 /* Main.storyboard */,
				69CF075A24892CDB002BA691 /* Assets.xcassets */,
				69CF075C24892CDB002BA691 /* LaunchScreen.storyboard */,
				69CF075F24892CDB002BA691 /* Info.plist */,
			);
			path = DecisionEngine;
			sourceTree = "<group>";
		};
		69CF076724892CDB002BA691 /* DecisionEngineTests */ = {
			isa = PBXGroup;
			children = (
				69CF076824892CDB002BA691 /* DecisionEngineTests.swift */,
				69CF076A24892CDB002BA691 /* Info.plist */,
			);
			path = DecisionEngineTests;
			sourceTree = "<group>";
		};
/* End PBXGroup section */

/* Begin PBXNativeTarget section */
		69CF074D24892CDA002BA691 /* DecisionEngine */ = {
			isa = PBXNativeTarget;
			buildConfigurationList = 69CF076D24892CDB002BA691 /* Build configuration list for PBXNativeTarget "DecisionEngine" */;
			buildPhases = (
				69CF074A24892CDA002BA691 /* Sources */,
				69CF074B24892CDA002BA691 /* Frameworks */,
				69CF074C24892CDA002BA691 /* Resources */,
			);
			buildRules = (
			);
			dependencies = (
			);
			name = DecisionEngine;
			productName = DecisionEngine;
			productReference = 69CF074E24892CDA002BA691 /* DecisionEngine.app */;
			productType = "com.apple.product-type.application";
		};
		69CF076324892CDB002BA691 /* DecisionEngineTests */ = {
			isa = PBXNativeTarget;
			buildConfigurationList = 69CF077024892CDB002BA691 /* Build configuration list for PBXNativeTarget "DecisionEngineTests" */;
			buildPhases = (
				69CF076024892CDB002BA691 /* Sources */,
				69CF076124892CDB002BA691 /* Frameworks */,
				69CF076224892CDB002BA691 /* Resources */,
			);
			buildRules = (
			);
			dependencies = (
				69CF076624892CDB002BA691 /* PBXTargetDependency */,
			);
			name = DecisionEngineTests;
			productName = DecisionEngineTests;
			productReference = 69CF076424892CDB002BA691 /* DecisionEngineTests.xctest */;
			productType = "com.apple.product-type.bundle.unit-test";
		};
/* End PBXNativeTarget section */

/* Begin PBXProject section */
		69CF074624892CDA002BA691 /* Project object */ = {
			isa = PBXProject;
			attributes = {
				LastSwiftUpdateCheck = 1140;
				LastUpgradeCheck = 1140;
				ORGANIZATIONNAME = "Olga Klyushkina";
				TargetAttributes = {
					69CF074D24892CDA002BA691 = {
						CreatedOnToolsVersion = 11.4.1;
					};
					69CF076324892CDB002BA691 = {
						CreatedOnToolsVersion = 11.4.1;
						TestTargetID = 69CF074D24892CDA002BA691;
					};
				};
			};
			buildConfigurationList = 69CF074924892CDA002BA691 /* Build configuration list for PBXProject "DecisionEngine" */;
			compatibilityVersion = "Xcode 9.3";
			developmentRegion = en;
			hasScannedForEncodings = 0;
			knownRegions = (
				en,
				Base,
			);
			mainGroup = 69CF074524892CDA002BA691;
			productRefGroup = 69CF074F24892CDA002BA691 /* Products */;
			projectDirPath = "";
			projectRoot = "";
			targets = (
				69CF074D24892CDA002BA691 /* DecisionEngine */,
				69CF076324892CDB002BA691 /* DecisionEngineTests */,
			);
		};
/* End PBXProject section */

/* Begin PBXResourcesBuildPhase section */
		69CF074C24892CDA002BA691 /* Resources */ = {
			isa = PBXResourcesBuildPhase;
			buildActionMask = 2147483647;
			files = (
				69CF075E24892CDB002BA691 /* LaunchScreen.storyboard in Resources */,
				69CF075B24892CDB002BA691 /* Assets.xcassets in Resources */,
				69CF075924892CDA002BA691 /* Main.storyboard in Resources */,
			);
			runOnlyForDeploymentPostprocessing = 0;
		};
		69CF076224892CDB002BA691 /* Resources */ = {
			isa = PBXResourcesBuildPhase;
			buildActionMask = 2147483647;
			files = (
			);
			runOnlyForDeploymentPostprocessing = 0;
		};
/* End PBXResourcesBuildPhase section */

/* Begin PBXSourcesBuildPhase section */
		69CF074A24892CDA002BA691 /* Sources */ = {
			isa = PBXSourcesBuildPhase;
			buildActionMask = 2147483647;
			files = (
				69CF075624892CDA002BA691 /* ViewController.swift in Sources */,
				69CF075224892CDA002BA691 /* AppDelegate.swift in Sources */,
				69CF075424892CDA002BA691 /* SceneDelegate.swift in Sources */,
			);
			runOnlyForDeploymentPostprocessing = 0;
		};
		69CF076024892CDB002BA691 /* Sources */ = {
			isa = PBXSourcesBuildPhase;
			buildActionMask = 2147483647;
			files = (
				69CF076924892CDB002BA691 /* DecisionEngineTests.swift in Sources */,
			);
			runOnlyForDeploymentPostprocessing = 0;
		};
/* End PBXSourcesBuildPhase section */

/* Begin PBXTargetDependency section */
		69CF076624892CDB002BA691 /* PBXTargetDependency */ = {
			isa = PBXTargetDependency;
			target = 69CF074D24892CDA002BA691 /* DecisionEngine */;
			targetProxy = 69CF076524892CDB002BA691 /* PBXContainerItemProxy */;
		};
/* End PBXTargetDependency section */

/* Begin PBXVariantGroup section */
		69CF075724892CDA002BA691 /* Main.storyboard */ = {
			isa = PBXVariantGroup;
			children = (
				69CF075824892CDA002BA691 /* Base */,
			);
			name = Main.storyboard;
			sourceTree = "<group>";
		};
		69CF075C24892CDB002BA691 /* LaunchScreen.storyboard */ = {
			isa = PBXVariantGroup;
			children = (
				69CF075D24892CDB002BA691 /* Base */,
			);
			name = LaunchScreen.storyboard;
			sourceTree = "<group>";
		};
/* End PBXVariantGroup section */

/* Begin XCBuildConfiguration section */
		69CF076B24892CDB002BA691 /* Debug */ = {
			isa = XCBuildConfiguration;
			buildSettings = {
				ALWAYS_SEARCH_USER_PATHS = NO;
				CLANG_ANALYZER_NONNULL = YES;
				CLANG_ANALYZER_NUMBER_OBJECT_CONVERSION = YES_AGGRESSIVE;
				CLANG_CXX_LANGUAGE_STANDARD = "gnu++14";
				CLANG_CXX_LIBRARY = "libc++";
				CLANG_ENABLE_MODULES = YES;
				CLANG_ENABLE_OBJC_ARC = YES;
				CLANG_ENABLE_OBJC_WEAK = YES;
				CLANG_WARN_BLOCK_CAPTURE_AUTORELEASING = YES;
				CLANG_WARN_BOOL_CONVERSION = YES;
				CLANG_WARN_COMMA = YES;
				CLANG_WARN_CONSTANT_CONVERSION = YES;
				CLANG_WARN_DEPRECATED_OBJC_IMPLEMENTATIONS = YES;
				CLANG_WARN_DIRECT_OBJC_ISA_USAGE = YES_ERROR;
				CLANG_WARN_DOCUMENTATION_COMMENTS = YES;
				CLANG_WARN_EMPTY_BODY = YES;
				CLANG_WARN_ENUM_CONVERSION = YES;
				CLANG_WARN_INFINITE_RECURSION = YES;
				CLANG_WARN_INT_CONVERSION = YES;
				CLANG_WARN_NON_LITERAL_NULL_CONVERSION = YES;
				CLANG_WARN_OBJC_IMPLICIT_RETAIN_SELF = YES;
				CLANG_WARN_OBJC_LITERAL_CONVERSION = YES;
				CLANG_WARN_OBJC_ROOT_CLASS = YES_ERROR;
				CLANG_WARN_RANGE_LOOP_ANALYSIS = YES;
				CLANG_WARN_STRICT_PROTOTYPES = YES;
				CLANG_WARN_SUSPICIOUS_MOVE = YES;
				CLANG_WARN_UNGUARDED_AVAILABILITY = YES_AGGRESSIVE;
				CLANG_WARN_UNREACHABLE_CODE = YES;
				CLANG_WARN__DUPLICATE_METHOD_MATCH = YES;
				COPY_PHASE_STRIP = NO;
				DEBUG_INFORMATION_FORMAT = dwarf;
				ENABLE_STRICT_OBJC_MSGSEND = YES;
				ENABLE_TESTABILITY = YES;
				GCC_C_LANGUAGE_STANDARD = gnu11;
				GCC_DYNAMIC_NO_PIC = NO;
				GCC_NO_COMMON_BLOCKS = YES;
				GCC_OPTIMIZATION_LEVEL = 0;
				GCC_PREPROCESSOR_DEFINITIONS = (
					"DEBUG=1",
					"$(inherited)",
				);
				GCC_WARN_64_TO_32_BIT_CONVERSION = YES;
				GCC_WARN_ABOUT_RETURN_TYPE = YES_ERROR;
				GCC_WARN_UNDECLARED_SELECTOR = YES;
				GCC_WARN_UNINITIALIZED_AUTOS = YES_AGGRESSIVE;
				GCC_WARN_UNUSED_FUNCTION = YES;
				GCC_WARN_UNUSED_VARIABLE = YES;
				IPHONEOS_DEPLOYMENT_TARGET = 13.4;
				MTL_ENABLE_DEBUG_INFO = INCLUDE_SOURCE;
				MTL_FAST_MATH = YES;
				ONLY_ACTIVE_ARCH = YES;
				SDKROOT = iphoneos;
				SWIFT_ACTIVE_COMPILATION_CONDITIONS = DEBUG;
				SWIFT_OPTIMIZATION_LEVEL = "-Onone";
			};
			name = Debug;
		};
		69CF076C24892CDB002BA691 /* Release */ = {
			isa = XCBuildConfiguration;
			buildSettings = {
				ALWAYS_SEARCH_USER_PATHS = NO;
				CLANG_ANALYZER_NONNULL = YES;
				CLANG_ANALYZER_NUMBER_OBJECT_CONVERSION = YES_AGGRESSIVE;
				CLANG_CXX_LANGUAGE_STANDARD = "gnu++14";
				CLANG_CXX_LIBRARY = "libc++";
				CLANG_ENABLE_MODULES = YES;
				CLANG_ENABLE_OBJC_ARC = YES;
				CLANG_ENABLE_OBJC_WEAK = YES;
				CLANG_WARN_BLOCK_CAPTURE_AUTORELEASING = YES;
				CLANG_WARN_BOOL_CONVERSION = YES;
				CLANG_WARN_COMMA = YES;
				CLANG_WARN_CONSTANT_CONVERSION = YES;
				CLANG_WARN_DEPRECATED_OBJC_IMPLEMENTATIONS = YES;
				CLANG_WARN_DIRECT_OBJC_ISA_USAGE = YES_ERROR;
				CLANG_WARN_DOCUMENTATION_COMMENTS = YES;
				CLANG_WARN_EMPTY_BODY = YES;
				CLANG_WARN_ENUM_CONVERSION = YES;
				CLANG_WARN_INFINITE_RECURSION = YES;
				CLANG_WARN_INT_CONVERSION = YES;
				CLANG_WARN_NON_LITERAL_NULL_CONVERSION = YES;
				CLANG_WARN_OBJC_IMPLICIT_RETAIN_SELF = YES;
				CLANG_WARN_OBJC_LITERAL_CONVERSION = YES;
				CLANG_WARN_OBJC_ROOT_CLASS = YES_ERROR;
				CLANG_WARN_RANGE_LOOP_ANALYSIS = YES;
				CLANG_WARN_STRICT_PROTOTYPES = YES;
				CLANG_WARN_SUSPICIOUS_MOVE = YES;
				CLANG_WARN_UNGUARDED_AVAILABILITY = YES_AGGRESSIVE;
				CLANG_WARN_UNREACHABLE_CODE = YES;
				CLANG_WARN__DUPLICATE_METHOD_MATCH = YES;
				COPY_PHASE_STRIP = NO;
				DEBUG_INFORMATION_FORMAT = "dwarf-with-dsym";
				ENABLE_NS_ASSERTIONS = NO;
				ENABLE_STRICT_OBJC_MSGSEND = YES;
				GCC_C_LANGUAGE_STANDARD = gnu11;
				GCC_NO_COMMON_BLOCKS = YES;
				GCC_WARN_64_TO_32_BIT_CONVERSION = YES;
				GCC_WARN_ABOUT_RETURN_TYPE = YES_ERROR;
				GCC_WARN_UNDECLARED_SELECTOR = YES;
				GCC_WARN_UNINITIALIZED_AUTOS = YES_AGGRESSIVE;
				GCC_WARN_UNUSED_FUNCTION = YES;
				GCC_WARN_UNUSED_VARIABLE = YES;
				IPHONEOS_DEPLOYMENT_TARGET = 13.4;
				MTL_ENABLE_DEBUG_INFO = NO;
				MTL_FAST_MATH = YES;
				SDKROOT = iphoneos;
				SWIFT_COMPILATION_MODE = wholemodule;
				SWIFT_OPTIMIZATION_LEVEL = "-O";
				VALIDATE_PRODUCT = YES;
			};
			name = Release;
		};
		69CF076E24892CDB002BA691 /* Debug */ = {
			isa = XCBuildConfiguration;
			buildSettings = {
				ASSETCATALOG_COMPILER_APPICON_NAME = AppIcon;
				CODE_SIGN_STYLE = Automatic;
				DEVELOPMENT_TEAM = PTT8AW7PPX;
				INFOPLIST_FILE = DecisionEngine/Info.plist;
				LD_RUNPATH_SEARCH_PATHS = (
					"$(inherited)",
					"@executable_path/Frameworks",
				);
				PRODUCT_BUNDLE_IDENTIFIER = oklyushkina.DecisionEngine;
				PRODUCT_NAME = "$(TARGET_NAME)";
				SWIFT_VERSION = 5.0;
				TARGETED_DEVICE_FAMILY = "1,2";
			};
			name = Debug;
		};
		69CF076F24892CDB002BA691 /* Release */ = {
			isa = XCBuildConfiguration;
			buildSettings = {
				ASSETCATALOG_COMPILER_APPICON_NAME = AppIcon;
				CODE_SIGN_STYLE = Automatic;
				DEVELOPMENT_TEAM = PTT8AW7PPX;
				INFOPLIST_FILE = DecisionEngine/Info.plist;
				LD_RUNPATH_SEARCH_PATHS = (
					"$(inherited)",
					"@executable_path/Frameworks",
				);
				PRODUCT_BUNDLE_IDENTIFIER = oklyushkina.DecisionEngine;
				PRODUCT_NAME = "$(TARGET_NAME)";
				SWIFT_VERSION = 5.0;
				TARGETED_DEVICE_FAMILY = "1,2";
			};
			name = Release;
		};
		69CF077124892CDB002BA691 /* Debug */ = {
			isa = XCBuildConfiguration;
			buildSettings = {
				ALWAYS_EMBED_SWIFT_STANDARD_LIBRARIES = YES;
				BUNDLE_LOADER = "$(TEST_HOST)";
				CODE_SIGN_STYLE = Automatic;
				DEVELOPMENT_TEAM = PTT8AW7PPX;
				INFOPLIST_FILE = DecisionEngineTests/Info.plist;
				IPHONEOS_DEPLOYMENT_TARGET = 13.4;
				LD_RUNPATH_SEARCH_PATHS = (
					"$(inherited)",
					"@executable_path/Frameworks",
					"@loader_path/Frameworks",
				);
				PRODUCT_BUNDLE_IDENTIFIER = oklyushkina.DecisionEngineTests;
				PRODUCT_NAME = "$(TARGET_NAME)";
				SWIFT_VERSION = 5.0;
				TARGETED_DEVICE_FAMILY = "1,2";
				TEST_HOST = "$(BUILT_PRODUCTS_DIR)/DecisionEngine.app/DecisionEngine";
			};
			name = Debug;
		};
		69CF077224892CDB002BA691 /* Release */ = {
			isa = XCBuildConfiguration;
			buildSettings = {
				ALWAYS_EMBED_SWIFT_STANDARD_LIBRARIES = YES;
				BUNDLE_LOADER = "$(TEST_HOST)";
				CODE_SIGN_STYLE = Automatic;
				DEVELOPMENT_TEAM = PTT8AW7PPX;
				INFOPLIST_FILE = DecisionEngineTests/Info.plist;
				IPHONEOS_DEPLOYMENT_TARGET = 13.4;
				LD_RUNPATH_SEARCH_PATHS = (
					"$(inherited)",
					"@executable_path/Frameworks",
					"@loader_path/Frameworks",
				);
				PRODUCT_BUNDLE_IDENTIFIER = oklyushkina.DecisionEngineTests;
				PRODUCT_NAME = "$(TARGET_NAME)";
				SWIFT_VERSION = 5.0;
				TARGETED_DEVICE_FAMILY = "1,2";
				TEST_HOST = "$(BUILT_PRODUCTS_DIR)/DecisionEngine.app/DecisionEngine";
			};
			name = Release;
		};
/* End XCBuildConfiguration section */

/* Begin XCConfigurationList section */
		69CF074924892CDA002BA691 /* Build configuration list for PBXProject "DecisionEngine" */ = {
			isa = XCConfigurationList;
			buildConfigurations = (
				69CF076B24892CDB002BA691 /* Debug */,
				69CF076C24892CDB002BA691 /* Release */,
			);
			defaultConfigurationIsVisible = 0;
			defaultConfigurationName = Release;
		};
		69CF076D24892CDB002BA691 /* Build configuration list for PBXNativeTarget "DecisionEngine" */ = {
			isa = XCConfigurationList;
			buildConfigurations = (
				69CF076E24892CDB002BA691 /* Debug */,
				69CF076F24892CDB002BA691 /* Release */,
			);
			defaultConfigurationIsVisible = 0;
			defaultConfigurationName = Release;
		};
		69CF077024892CDB002BA691 /* Build configuration list for PBXNativeTarget "DecisionEngineTests" */ = {
			isa = XCConfigurationList;
			buildConfigurations = (
				69CF077124892CDB002BA691 /* Debug */,
				69CF077224892CDB002BA691 /* Release */,
			);
			defaultConfigurationIsVisible = 0;
			defaultConfigurationName = Release;
		};
/* End XCConfigurationList section */
	};
	rootObject = 69CF074624892CDA002BA691 /* Project object */;
}
